
Microsoft Visual Studio Solution File, Format Version 12.00
# Visual Studio Version 17
VisualStudioVersion = 17.9.34728.123
MinimumVisualStudioVersion = 10.0.40219.1
Project("{FAE04EC0-301F-11D3-BF4B-00C04F79EFBC}") = "KniControllerExample", "KniControllerExample.csproj", "{79B33D3A-7245-4C32-AEAB-C6E324231593}"
EndProject
Global
	GlobalSection(SolutionConfigurationPlatforms) = preSolution
		Debug|Any CPU = Debug|Any CPU
		Release|Any CPU = Release|Any CPU
	EndGlobalSection
	GlobalSection(ProjectConfigurationPlatforms) = postSolution
		{79B33D3A-7245-4C32-AEAB-C6E324231593}.Debug|Any CPU.ActiveCfg = Debug|Any CPU
		{79B33D3A-7245-4C32-AEAB-C6E324231593}.Debug|Any CPU.Build.0 = Debug|Any CPU
		{79B33D3A-7245-4C32-AEAB-C6E324231593}.Release|Any CPU.ActiveCfg = Release|Any CPU
		{79B33D3A-7245-4C32-AEAB-C6E324231593}.Release|Any CPU.Build.0 = Release|Any CPU
	EndGlobalSection
	GlobalSection(SolutionProperties) = preSolution
		HideSolutionNode = FALSE
	EndGlobalSection
	GlobalSection(ExtensibilityGlobals) = postSolution
		SolutionGuid = {1C3AFB6D-538B-4EEE-8216-394A1C6898F2}
	EndGlobalSection
EndGlobal
